
Microsoft Visual Studio Solution File, Format Version 12.00
# Visual Studio 15
VisualStudioVersion = 15.0.28010.2036
MinimumVisualStudioVersion = 10.0.40219.1
Project("{FAE04EC0-301F-11D3-BF4B-00C04F79EFBC}") = "Invoice Validator Test", "Invoice Validator Test\Invoice Validator Test.csproj", "{58BE7D12-AB59-4177-A7AC-25B64FE1BC47}"
EndProject
Global
	GlobalSection(SolutionConfigurationPlatforms) = preSolution
		Debug|Any CPU = Debug|Any CPU
		Release|Any CPU = Release|Any CPU
	EndGlobalSection
	GlobalSection(ProjectConfigurationPlatforms) = postSolution
		{58BE7D12-AB59-4177-A7AC-25B64FE1BC47}.Debug|Any CPU.ActiveCfg = Debug|Any CPU
		{58BE7D12-AB59-4177-A7AC-25B64FE1BC47}.Debug|Any CPU.Build.0 = Debug|Any CPU
		{58BE7D12-AB59-4177-A7AC-25B64FE1BC47}.Release|Any CPU.ActiveCfg = Release|Any CPU
		{58BE7D12-AB59-4177-A7AC-25B64FE1BC47}.Release|Any CPU.Build.0 = Release|Any CPU
	EndGlobalSection
	GlobalSection(SolutionProperties) = preSolution
		HideSolutionNode = FALSE
	EndGlobalSection
	GlobalSection(ExtensibilityGlobals) = postSolution
		SolutionGuid = {C84EF780-32B4-416B-965C-B403C8E73385}
	EndGlobalSection
EndGlobal
